github.com/karstenmueller/hugo-gpx-module v0.0.1 h1:62Oh2o4GbPMdZW5hsZaHg9EEGK6kY9TT4yN0b1hzN78=
github.com/karstenmueller/hugo-gpx-module v0.0.1/go.mod h1:imLoQtOiun7gSklPtHK3xX7KM4E3LVcGcekoij44DOs=
github.com/karstenmueller/hugo-gpx-module v0.0.2 h1:mo1Zo367E0SvmJABhoZUnLMQrVuE3iGWCKa3C/pEuNE=
github.com/karstenmueller/hugo-gpx-module v0.0.2/go.mod h1:4Z/L/hpjHmqwfjhbNBuAIvBH0hPeqbTQyHkrq/GkF+U=
github.com/karstenmueller/hugo-gpx-module v0.0.3 h1:Oq06v7BoC4WpWpTPiHzhNcYBugexg53KapcruIsDmfg=
github.com/karstenmueller/hugo-gpx-module v0.0.3/go.mod h1:4Z/L/hpjHmqwfjhbNBuAIvBH0hPeqbTQyHkrq/GkF+U=
github.com/karstenmueller/hugo-gpx-module v0.0.4 h1:uPVHhWyc1YHUjt6rthgkgphyz7SvGvLG4TNLYM5RHJc=
github.com/karstenmueller/hugo-gpx-module v0.0.4/go.mod h1:4Z/L/hpjHmqwfjhbNBuAIvBH0hPeqbTQyHkrq/GkF+U=
github.com/karstenmueller/hugo-gpx-module v0.0.5 h1:eo9R1uFvoCGR2xtGj1SbCwQZR1rixBZdtTdHlgOZs+o=
github.com/karstenmueller/hugo-gpx-module v0.0.5/go.mod h1:4Z/L/hpjHmqwfjhbNBuAIvBH0hPeqbTQyHkrq/GkF+U=
github.com/nunocoracao/blowfish/v2 v2.106.0 h1:eIEF+HITN4VdKyZjYWSlfXyH6uCHCq4MMWu616MDWUA=
github.com/nunocoracao/blowfish/v2 v2.106.0/go.mod h1:4SkMc+Ht8gpQCwArqiHMBDP3soxi2OWuAhVney+cuyk=
